<?xml version="1.0" encoding="UTF-8" standalone="yes" ?>
<CodeBlocks_project_file>
	<FileVersion major="1" minor="6" />
	<Project>
		<Option title="dft2lntc" />
		<Option makefile_is_custom="1" />
		<Option execution_dir="." />
		<Option pch_mode="2" />
		<Option compiler="gcc" />
		<Option virtualFolders="CMake\;" />
		<Build>
			<Target title="Debug">
				<Option output="..\build\$(TARGET_NAME)\bin\dft2lntc" prefix_auto="1" extension_auto="1" />
				<Option working_dir="..\build\$(TARGET_NAME)\bin" />
				<Option object_output="..\build\$(TARGET_NAME)\" />
				<Option type="1" />
				<Option compiler="gcc" />
				<Option parameters="../../Content/simple.dft -o../../Content/a" />
				<Compiler>
					<Add option="-g" />
				</Compiler>
				<ExtraCommands>
					<Add before='cmake -E make_directory &quot;../build/$(TARGET_NAME)&quot;' />
					<Add before='cmd /C pwd &amp;&amp; cd &quot;../build/$(TARGET_NAME)&quot; &amp;&amp; cmake -DCMAKE_BUILD_TYPE=$(TARGET_NAME) ../../ -G &quot;MSYS Makefiles&quot;' />
				</ExtraCommands>
				<MakeCommands>
					<Build command='make -C &quot;../build/$target&quot; -f $(PROJECT_NAME)/Makefile $(PROJECT_NAME) VERBOSE=1' />
					<CompileFile command='make -C &quot;../build/$target&quot; -f $(PROJECT_NAME)/Makefile $(ACTIVE_EDITOR_FILENAME).obj' />
					<Clean command='make -C &quot;../build/$target&quot; clean' />
					<DistClean command="$make -f $makefile distclean$target" />
					<AskRebuildNeeded command='make -C &quot;../build/$target&quot; -q -f $(PROJECT_NAME)/Makefile $(PROJECT_NAME)' />
					<SilentBuild command='make -C &quot;../build/$target&quot; -s -f $(PROJECT_NAME)/Makefile $(PROJECT_NAME)' />
				</MakeCommands>
			</Target>
			<Target title="Release">
				<Option output="..\build\$(TARGET_NAME)\bin\dft2lntc" prefix_auto="1" extension_auto="1" />
				<Option working_dir="..\build\$(TARGET_NAME)\bin" />
				<Option object_output="..\build\$(TARGET_NAME)\" />
				<Option type="1" />
				<Option compiler="gcc" />
				<Option parameters="../../Content/simple.dft -o../../Content/a" />
				<Compiler>
					<Add option="-O2" />
				</Compiler>
				<ExtraCommands>
					<Add before='cmake -E make_directory &quot;../build/$(TARGET_NAME)&quot;' />
					<Add before='cmd /C cd &quot;../build/$(TARGET_NAME)&quot; &amp;&amp; cmake -DCMAKE_BUILD_TYPE=$(TARGET_NAME) ../../ -G &quot;MSYS Makefiles&quot;' />
				</ExtraCommands>
				<MakeCommands>
					<Build command='make -C &quot;../build/$target&quot; -f $(PROJECT_NAME)/Makefile $(PROJECT_NAME) VERBOSE=1' />
					<CompileFile command='make -C &quot;../build/$target&quot; -f $(PROJECT_NAME)/Makefile $(ACTIVE_EDITOR_FILENAME).obj' />
					<Clean command='make -C &quot;../build/$target&quot; clean' />
					<DistClean command="$make -f $makefile distclean$target" />
					<AskRebuildNeeded command='make -C &quot;../build/$target&quot; -q -f $(PROJECT_NAME)/Makefile $(PROJECT_NAME)' />
					<SilentBuild command='make -C &quot;../build/$target&quot; -s -f $(PROJECT_NAME)/Makefile $(PROJECT_NAME)' />
				</MakeCommands>
			</Target>
		</Build>
		<Compiler>
			<Add option="-Wall" />
		</Compiler>
		<Unit filename="..\build\Content\simple.dft" />
		<Unit filename="..\dft2lntc\CMakeLists.txt">
			<Option virtualFolder="CMake\" />
		</Unit>
		<Unit filename="..\dft2lntc\dft2lntc.cpp" />
		<Extensions>
			<code_completion />
			<envvars />
			<debugger />
			<DoxyBlocks>
				<comment_style block="0" line="0" />
				<doxyfile_project />
				<doxyfile_build />
				<doxyfile_warnings />
				<doxyfile_output />
				<doxyfile_dot />
				<general />
			</DoxyBlocks>
		</Extensions>
	</Project>
</CodeBlocks_project_file>
